// !$*UTF8*$!
{
	archiveVersion = 1;
	classes = {
	};
	objectVersion = 50;
	objects = {

/* Begin PBXBuildFile section */
		A604DEED2192CFEB0001E32C /* Assets.xcassets in Resources */ = {isa = PBXBuildFile; fileRef = A604DEEC2192CFEB0001E32C /* Assets.xcassets */; };
		A61C6D7A219966B500161F6C /* RecommandViewController.swift in Sources */ = {isa = PBXBuildFile; fileRef = A61C6D79219966B500161F6C /* RecommandViewController.swift */; };
		A61C6D7D21997B9D00161F6C /* CollectionReusableView.swift in Sources */ = {isa = PBXBuildFile; fileRef = A61C6D7B21997B9D00161F6C /* CollectionReusableView.swift */; };
		A61C6D7E21997B9D00161F6C /* CollectionReusableView.xib in Resources */ = {isa = PBXBuildFile; fileRef = A61C6D7C21997B9D00161F6C /* CollectionReusableView.xib */; };
		A61C6D81219980C900161F6C /* CollectionNormalCell.swift in Sources */ = {isa = PBXBuildFile; fileRef = A61C6D7F219980C900161F6C /* CollectionNormalCell.swift */; };
		A61C6D82219980C900161F6C /* CollectionNormalCell.xib in Resources */ = {isa = PBXBuildFile; fileRef = A61C6D80219980C900161F6C /* CollectionNormalCell.xib */; };
		A61C6D85219ABCE600161F6C /* CollectionPrettyCell.swift in Sources */ = {isa = PBXBuildFile; fileRef = A61C6D83219ABCE600161F6C /* CollectionPrettyCell.swift */; };
		A61C6D86219ABCE700161F6C /* CollectionPrettyCell.xib in Resources */ = {isa = PBXBuildFile; fileRef = A61C6D84219ABCE600161F6C /* CollectionPrettyCell.xib */; };
		A62082E8219C0C4B006FA408 /* Pods_Douyu.framework in Frameworks */ = {isa = PBXBuildFile; fileRef = A62082E7219C0C4B006FA408 /* Pods_Douyu.framework */; };
		A63176F6219C1E6200D08C00 /* NetworkTool.swift in Sources */ = {isa = PBXBuildFile; fileRef = A63176F5219C1E6200D08C00 /* NetworkTool.swift */; };
		A66F50592192EC9F0051981E /* Main.storyboard in Resources */ = {isa = PBXBuildFile; fileRef = A66F50582192EC9F0051981E /* Main.storyboard */; };
		A66F505B2192F3170051981E /* Home.storyboard in Resources */ = {isa = PBXBuildFile; fileRef = A66F505A2192F3170051981E /* Home.storyboard */; };
		A66F505D2192F3310051981E /* Live.storyboard in Resources */ = {isa = PBXBuildFile; fileRef = A66F505C2192F3310051981E /* Live.storyboard */; };
		A66F505F2192F34A0051981E /* Follow.storyboard in Resources */ = {isa = PBXBuildFile; fileRef = A66F505E2192F34A0051981E /* Follow.storyboard */; };
		A66F50612192F3600051981E /* Profile.storyboard in Resources */ = {isa = PBXBuildFile; fileRef = A66F50602192F3600051981E /* Profile.storyboard */; };
		A66F50712194121C0051981E /* HomeViewController.swift in Sources */ = {isa = PBXBuildFile; fileRef = A66F50702194121C0051981E /* HomeViewController.swift */; };
		A66F507421941BF30051981E /* UIBarButtonItem-Extension.swift in Sources */ = {isa = PBXBuildFile; fileRef = A66F507321941BF30051981E /* UIBarButtonItem-Extension.swift */; };
		A66F5079219430750051981E /* MainViewController.swift in Sources */ = {isa = PBXBuildFile; fileRef = A66F5077219430750051981E /* MainViewController.swift */; };
		A66F507B2194308E0051981E /* PageTitleView.swift in Sources */ = {isa = PBXBuildFile; fileRef = A66F507A2194308E0051981E /* PageTitleView.swift */; };
		A66F507D219432BA0051981E /* Conmon.swift in Sources */ = {isa = PBXBuildFile; fileRef = A66F507C219432BA0051981E /* Conmon.swift */; };
		A66F507F219532B60051981E /* PageContentView.swift in Sources */ = {isa = PBXBuildFile; fileRef = A66F507E219532B60051981E /* PageContentView.swift */; };
		A66F5081219537960051981E /* UIColor-Extensions.swift in Sources */ = {isa = PBXBuildFile; fileRef = A66F5080219537960051981E /* UIColor-Extensions.swift */; };
		A67FBA98219D5C1A00B970F1 /* NSDate-Extension.swift in Sources */ = {isa = PBXBuildFile; fileRef = A67FBA97219D5C1A00B970F1 /* NSDate-Extension.swift */; };
		A67FBA9A219D63E900B970F1 /* AnchorGroup.swift in Sources */ = {isa = PBXBuildFile; fileRef = A67FBA99219D63E900B970F1 /* AnchorGroup.swift */; };
		A67FBA9C219D6B0600B970F1 /* AnchorModel.swift in Sources */ = {isa = PBXBuildFile; fileRef = A67FBA9B219D6B0600B970F1 /* AnchorModel.swift */; };
		A67FBA9E219D6E8200B970F1 /* RecommandVIewModel.swift in Sources */ = {isa = PBXBuildFile; fileRef = A67FBA9D219D6E8200B970F1 /* RecommandVIewModel.swift */; };
		A67FBAA1219D6F3500B970F1 /* BaseViewModel.swift in Sources */ = {isa = PBXBuildFile; fileRef = A67FBAA0219D6F3500B970F1 /* BaseViewModel.swift */; };
		A67FBAA3219D71A800B970F1 /* BaseGameModel.swift in Sources */ = {isa = PBXBuildFile; fileRef = A67FBAA2219D71A800B970F1 /* BaseGameModel.swift */; };
		A6D6BE1A2191822A00D23AFE /* AppDelegate.swift in Sources */ = {isa = PBXBuildFile; fileRef = A6D6BE192191822A00D23AFE /* AppDelegate.swift */; };
		A6D6BE242191822B00D23AFE /* LaunchScreen.storyboard in Resources */ = {isa = PBXBuildFile; fileRef = A6D6BE222191822B00D23AFE /* LaunchScreen.storyboard */; };
/* End PBXBuildFile section */

/* Begin PBXFileReference section */
		07741F4BDA5C46001A579EBA /* Pods_Douyu.framework */ = {isa = PBXFileReference; explicitFileType = wrapper.framework; includeInIndex = 0; path = Pods_Douyu.framework; sourceTree = BUILT_PRODUCTS_DIR; };
		A2D0DE33B13E5707C212AAA6 /* Pods-Douyu.release.xcconfig */ = {isa = PBXFileReference; includeInIndex = 1; lastKnownFileType = text.xcconfig; name = "Pods-Douyu.release.xcconfig"; path = "Pods/Target Support Files/Pods-Douyu/Pods-Douyu.release.xcconfig"; sourceTree = "<group>"; };
		A604DEEC2192CFEB0001E32C /* Assets.xcassets */ = {isa = PBXFileReference; lastKnownFileType = folder.assetcatalog; path = Assets.xcassets; sourceTree = "<group>"; };
		A61C6D79219966B500161F6C /* RecommandViewController.swift */ = {isa = PBXFileReference; lastKnownFileType = sourcecode.swift; path = RecommandViewController.swift; sourceTree = "<group>"; };
		A61C6D7B21997B9D00161F6C /* CollectionReusableView.swift */ = {isa = PBXFileReference; lastKnownFileType = sourcecode.swift; path = CollectionReusableView.swift; sourceTree = "<group>"; };
		A61C6D7C21997B9D00161F6C /* CollectionReusableView.xib */ = {isa = PBXFileReference; lastKnownFileType = file.xib; path = CollectionReusableView.xib; sourceTree = "<group>"; };
		A61C6D7F219980C900161F6C /* CollectionNormalCell.swift */ = {isa = PBXFileReference; lastKnownFileType = sourcecode.swift; path = CollectionNormalCell.swift; sourceTree = "<group>"; };
		A61C6D80219980C900161F6C /* CollectionNormalCell.xib */ = {isa = PBXFileReference; lastKnownFileType = file.xib; path = CollectionNormalCell.xib; sourceTree = "<group>"; };
		A61C6D83219ABCE600161F6C /* CollectionPrettyCell.swift */ = {isa = PBXFileReference; lastKnownFileType = sourcecode.swift; path = CollectionPrettyCell.swift; sourceTree = "<group>"; };
		A61C6D84219ABCE600161F6C /* CollectionPrettyCell.xib */ = {isa = PBXFileReference; lastKnownFileType = file.xib; path = CollectionPrettyCell.xib; sourceTree = "<group>"; };
		A62082E5219C0ABF006FA408 /* Alamofire.framework */ = {isa = PBXFileReference; explicitFileType = wrapper.framework; path = Alamofire.framework; sourceTree = BUILT_PRODUCTS_DIR; };
		A62082E7219C0C4B006FA408 /* Pods_Douyu.framework */ = {isa = PBXFileReference; explicitFileType = wrapper.framework; path = Pods_Douyu.framework; sourceTree = BUILT_PRODUCTS_DIR; };
		A63176F5219C1E6200D08C00 /* NetworkTool.swift */ = {isa = PBXFileReference; lastKnownFileType = sourcecode.swift; path = NetworkTool.swift; sourceTree = "<group>"; };
		A66F50582192EC9F0051981E /* Main.storyboard */ = {isa = PBXFileReference; fileEncoding = 4; lastKnownFileType = file.storyboard; path = Main.storyboard; sourceTree = "<group>"; };
		A66F505A2192F3170051981E /* Home.storyboard */ = {isa = PBXFileReference; fileEncoding = 4; lastKnownFileType = file.storyboard; path = Home.storyboard; sourceTree = "<group>"; };
		A66F505C2192F3310051981E /* Live.storyboard */ = {isa = PBXFileReference; fileEncoding = 4; lastKnownFileType = file.storyboard; path = Live.storyboard; sourceTree = "<group>"; };
		A66F505E2192F34A0051981E /* Follow.storyboard */ = {isa = PBXFileReference; fileEncoding = 4; lastKnownFileType = file.storyboard; path = Follow.storyboard; sourceTree = "<group>"; };
		A66F50602192F3600051981E /* Profile.storyboard */ = {isa = PBXFileReference; fileEncoding = 4; lastKnownFileType = file.storyboard; path = Profile.storyboard; sourceTree = "<group>"; };
		A66F50702194121C0051981E /* HomeViewController.swift */ = {isa = PBXFileReference; lastKnownFileType = sourcecode.swift; path = HomeViewController.swift; sourceTree = "<group>"; };
		A66F507321941BF30051981E /* UIBarButtonItem-Extension.swift */ = {isa = PBXFileReference; lastKnownFileType = sourcecode.swift; path = "UIBarButtonItem-Extension.swift"; sourceTree = "<group>"; };
		A66F5077219430750051981E /* MainViewController.swift */ = {isa = PBXFileReference; fileEncoding = 4; lastKnownFileType = sourcecode.swift; path = MainViewController.swift; sourceTree = "<group>"; };
		A66F507A2194308E0051981E /* PageTitleView.swift */ = {isa = PBXFileReference; lastKnownFileType = sourcecode.swift; path = PageTitleView.swift; sourceTree = "<group>"; };
		A66F507C219432BA0051981E /* Conmon.swift */ = {isa = PBXFileReference; lastKnownFileType = sourcecode.swift; path = Conmon.swift; sourceTree = "<group>"; };
		A66F507E219532B60051981E /* PageContentView.swift */ = {isa = PBXFileReference; lastKnownFileType = sourcecode.swift; path = PageContentView.swift; sourceTree = "<group>"; };
		A66F5080219537960051981E /* UIColor-Extensions.swift */ = {isa = PBXFileReference; lastKnownFileType = sourcecode.swift; path = "UIColor-Extensions.swift"; sourceTree = "<group>"; };
		A67FBA97219D5C1A00B970F1 /* NSDate-Extension.swift */ = {isa = PBXFileReference; lastKnownFileType = sourcecode.swift; path = "NSDate-Extension.swift"; sourceTree = "<group>"; };
		A67FBA99219D63E900B970F1 /* AnchorGroup.swift */ = {isa = PBXFileReference; lastKnownFileType = sourcecode.swift; path = AnchorGroup.swift; sourceTree = "<group>"; };
		A67FBA9B219D6B0600B970F1 /* AnchorModel.swift */ = {isa = PBXFileReference; lastKnownFileType = sourcecode.swift; path = AnchorModel.swift; sourceTree = "<group>"; };
		A67FBA9D219D6E8200B970F1 /* RecommandVIewModel.swift */ = {isa = PBXFileReference; lastKnownFileType = sourcecode.swift; path = RecommandVIewModel.swift; sourceTree = "<group>"; };
		A67FBAA0219D6F3500B970F1 /* BaseViewModel.swift */ = {isa = PBXFileReference; lastKnownFileType = sourcecode.swift; path = BaseViewModel.swift; sourceTree = "<group>"; };
		A67FBAA2219D71A800B970F1 /* BaseGameModel.swift */ = {isa = PBXFileReference; lastKnownFileType = sourcecode.swift; path = BaseGameModel.swift; sourceTree = "<group>"; };
		A6D6BE162191822A00D23AFE /* Douyu.app */ = {isa = PBXFileReference; explicitFileType = wrapper.application; includeInIndex = 0; path = Douyu.app; sourceTree = BUILT_PRODUCTS_DIR; };
		A6D6BE192191822A00D23AFE /* AppDelegate.swift */ = {isa = PBXFileReference; lastKnownFileType = sourcecode.swift; path = AppDelegate.swift; sourceTree = "<group>"; };
		A6D6BE232191822B00D23AFE /* Base */ = {isa = PBXFileReference; lastKnownFileType = file.storyboard; name = Base; path = Base.lproj/LaunchScreen.storyboard; sourceTree = "<group>"; };
		A6D6BE252191822B00D23AFE /* Info.plist */ = {isa = PBXFileReference; lastKnownFileType = text.plist.xml; path = Info.plist; sourceTree = "<group>"; };
		CA561F17F7247C8B701D62DB /* Pods-Douyu.debug.xcconfig */ = {isa = PBXFileReference; includeInIndex = 1; lastKnownFileType = text.xcconfig; name = "Pods-Douyu.debug.xcconfig"; path = "Pods/Target Support Files/Pods-Douyu/Pods-Douyu.debug.xcconfig"; sourceTree = "<group>"; };
/* End PBXFileReference section */

/* Begin PBXFrameworksBuildPhase section */
		A6D6BE132191822A00D23AFE /* Frameworks */ = {
			isa = PBXFrameworksBuildPhase;
			buildActionMask = 2147483647;
			files = (
				A62082E8219C0C4B006FA408 /* Pods_Douyu.framework in Frameworks */,
			);
			runOnlyForDeploymentPostprocessing = 0;
		};
/* End PBXFrameworksBuildPhase section */

/* Begin PBXGroup section */
		21AE42E69FED68697DE74316 /* Frameworks */ = {
			isa = PBXGroup;
			children = (
				A62082E7219C0C4B006FA408 /* Pods_Douyu.framework */,
				A62082E5219C0ABF006FA408 /* Alamofire.framework */,
				07741F4BDA5C46001A579EBA /* Pods_Douyu.framework */,
			);
			name = Frameworks;
			sourceTree = "<group>";
		};
		62373EE364253D9619D34531 /* Pods */ = {
			isa = PBXGroup;
			children = (
				CA561F17F7247C8B701D62DB /* Pods-Douyu.debug.xcconfig */,
				A2D0DE33B13E5707C212AAA6 /* Pods-Douyu.release.xcconfig */,
			);
			name = Pods;
			sourceTree = "<group>";
		};
		A604DEEE2192D3C30001E32C /* Classes */ = {
			isa = PBXGroup;
			children = (
				A604DEF32192D3C30001E32C /* Main */,
				A604DEEF2192D3C30001E32C /* Home */,
				A604DEF22192D3C30001E32C /* Live */,
				A604DEF12192D3C30001E32C /* Fellow */,
				A604DEF02192D3C30001E32C /* Profile */,
				A604DEF42192D3E80001E32C /* Tools */,
			);
			path = Classes;
			sourceTree = "<group>";
		};
		A604DEEF2192D3C30001E32C /* Home */ = {
			isa = PBXGroup;
			children = (
				A69BEF9C219D200200706FA1 /* ViewModel */,
				A66F505A2192F3170051981E /* Home.storyboard */,
				A66F5065219411B70051981E /* Controller */,
				A66F5066219411B70051981E /* Model */,
				A66F5064219411B70051981E /* View */,
			);
			path = Home;
			sourceTree = "<group>";
		};
		A604DEF02192D3C30001E32C /* Profile */ = {
			isa = PBXGroup;
			children = (
				A66F50602192F3600051981E /* Profile.storyboard */,
				A66F5067219411C50051981E /* Controller */,
				A66F5068219411C50051981E /* Model */,
				A66F5069219411C50051981E /* View */,
			);
			path = Profile;
			sourceTree = "<group>";
		};
		A604DEF12192D3C30001E32C /* Fellow */ = {
			isa = PBXGroup;
			children = (
				A66F505E2192F34A0051981E /* Follow.storyboard */,
				A66F506B219411D10051981E /* Controller */,
				A66F506C219411D10051981E /* Model */,
				A66F506A219411D10051981E /* View */,
			);
			path = Fellow;
			sourceTree = "<group>";
		};
		A604DEF22192D3C30001E32C /* Live */ = {
			isa = PBXGroup;
			children = (
				A66F505C2192F3310051981E /* Live.storyboard */,
				A66F506F219411DB0051981E /* Controller */,
				A66F506D219411DB0051981E /* Model */,
				A66F506E219411DB0051981E /* View */,
			);
			path = Live;
			sourceTree = "<group>";
		};
		A604DEF32192D3C30001E32C /* Main */ = {
			isa = PBXGroup;
			children = (
				A67FBA9F219D6F2800B970F1 /* ViewModel */,
				A66F5076219430750051981E /* Controller */,
				A66F5078219430750051981E /* Model */,
				A66F5075219430750051981E /* View */,
				A66F50582192EC9F0051981E /* Main.storyboard */,
			);
			path = Main;
			sourceTree = "<group>";
		};
		A604DEF42192D3E80001E32C /* Tools */ = {
			isa = PBXGroup;
			children = (
				A63176F5219C1E6200D08C00 /* NetworkTool.swift */,
				A66F507C219432BA0051981E /* Conmon.swift */,
				A66F507221941BDE0051981E /* Extensions */,
			);
			path = Tools;
			sourceTree = "<group>";
		};
		A66F5064219411B70051981E /* View */ = {
			isa = PBXGroup;
			children = (
				A61C6D7B21997B9D00161F6C /* CollectionReusableView.swift */,
				A61C6D7C21997B9D00161F6C /* CollectionReusableView.xib */,
			);
			path = View;
			sourceTree = "<group>";
		};
		A66F5065219411B70051981E /* Controller */ = {
			isa = PBXGroup;
			children = (
				A66F50702194121C0051981E /* HomeViewController.swift */,
				A61C6D79219966B500161F6C /* RecommandViewController.swift */,
			);
			path = Controller;
			sourceTree = "<group>";
		};
		A66F5066219411B70051981E /* Model */ = {
			isa = PBXGroup;
			children = (
			);
			path = Model;
			sourceTree = "<group>";
		};
		A66F5067219411C50051981E /* Controller */ = {
			isa = PBXGroup;
			children = (
			);
			path = Controller;
			sourceTree = "<group>";
		};
		A66F5068219411C50051981E /* Model */ = {
			isa = PBXGroup;
			children = (
			);
			path = Model;
			sourceTree = "<group>";
		};
		A66F5069219411C50051981E /* View */ = {
			isa = PBXGroup;
			children = (
			);
			path = View;
			sourceTree = "<group>";
		};
		A66F506A219411D10051981E /* View */ = {
			isa = PBXGroup;
			children = (
			);
			path = View;
			sourceTree = "<group>";
		};
		A66F506B219411D10051981E /* Controller */ = {
			isa = PBXGroup;
			children = (
			);
			path = Controller;
			sourceTree = "<group>";
		};
		A66F506C219411D10051981E /* Model */ = {
			isa = PBXGroup;
			children = (
			);
			path = Model;
			sourceTree = "<group>";
		};
		A66F506D219411DB0051981E /* Model */ = {
			isa = PBXGroup;
			children = (
			);
			path = Model;
			sourceTree = "<group>";
		};
		A66F506E219411DB0051981E /* View */ = {
			isa = PBXGroup;
			children = (
			);
			path = View;
			sourceTree = "<group>";
		};
		A66F506F219411DB0051981E /* Controller */ = {
			isa = PBXGroup;
			children = (
			);
			path = Controller;
			sourceTree = "<group>";
		};
		A66F507221941BDE0051981E /* Extensions */ = {
			isa = PBXGroup;
			children = (
				A66F507321941BF30051981E /* UIBarButtonItem-Extension.swift */,
				A66F5080219537960051981E /* UIColor-Extensions.swift */,
				A67FBA97219D5C1A00B970F1 /* NSDate-Extension.swift */,
			);
			path = Extensions;
			sourceTree = "<group>";
		};
		A66F5075219430750051981E /* View */ = {
			isa = PBXGroup;
			children = (
				A66F507A2194308E0051981E /* PageTitleView.swift */,
				A66F507E219532B60051981E /* PageContentView.swift */,
				A61C6D7F219980C900161F6C /* CollectionNormalCell.swift */,
				A61C6D80219980C900161F6C /* CollectionNormalCell.xib */,
				A61C6D83219ABCE600161F6C /* CollectionPrettyCell.swift */,
				A61C6D84219ABCE600161F6C /* CollectionPrettyCell.xib */,
			);
			path = View;
			sourceTree = "<group>";
		};
		A66F5076219430750051981E /* Controller */ = {
			isa = PBXGroup;
			children = (
				A66F5077219430750051981E /* MainViewController.swift */,
			);
			path = Controller;
			sourceTree = "<group>";
		};
		A66F5078219430750051981E /* Model */ = {
			isa = PBXGroup;
			children = (
				A67FBA99219D63E900B970F1 /* AnchorGroup.swift */,
				A67FBA9B219D6B0600B970F1 /* AnchorModel.swift */,
				A67FBAA2219D71A800B970F1 /* BaseGameModel.swift */,
			);
			path = Model;
			sourceTree = "<group>";
		};
		A67FBA9F219D6F2800B970F1 /* ViewModel */ = {
			isa = PBXGroup;
			children = (
				A67FBAA0219D6F3500B970F1 /* BaseViewModel.swift */,
			);
			path = ViewModel;
			sourceTree = "<group>";
		};
		A69BEF9C219D200200706FA1 /* ViewModel */ = {
			isa = PBXGroup;
			children = (
				A67FBA9D219D6E8200B970F1 /* RecommandVIewModel.swift */,
			);
			path = ViewModel;
			sourceTree = "<group>";
		};
		A6D6BE0D2191822A00D23AFE = {
			isa = PBXGroup;
			children = (
				A6D6BE182191822A00D23AFE /* Douyu */,
				A6D6BE172191822A00D23AFE /* Products */,
				62373EE364253D9619D34531 /* Pods */,
				21AE42E69FED68697DE74316 /* Frameworks */,
			);
			sourceTree = "<group>";
		};
		A6D6BE172191822A00D23AFE /* Products */ = {
			isa = PBXGroup;
			children = (
				A6D6BE162191822A00D23AFE /* Douyu.app */,
			);
			name = Products;
			sourceTree = "<group>";
		};
		A6D6BE182191822A00D23AFE /* Douyu */ = {
			isa = PBXGroup;
			children = (
				A6D6BE192191822A00D23AFE /* AppDelegate.swift */,
				A604DEEE2192D3C30001E32C /* Classes */,
				A604DEEC2192CFEB0001E32C /* Assets.xcassets */,
				A6D6BE222191822B00D23AFE /* LaunchScreen.storyboard */,
				A6D6BE252191822B00D23AFE /* Info.plist */,
			);
			path = Douyu;
			sourceTree = "<group>";
		};
/* End PBXGroup section */

/* Begin PBXNativeTarget section */
		A6D6BE152191822A00D23AFE /* Douyu */ = {
			isa = PBXNativeTarget;
			buildConfigurationList = A6D6BE282191822B00D23AFE /* Build configuration list for PBXNativeTarget "Douyu" */;
			buildPhases = (
				06C5861CBC7F6B9DB97209D5 /* [CP] Check Pods Manifest.lock */,
				A6D6BE122191822A00D23AFE /* Sources */,
				A6D6BE132191822A00D23AFE /* Frameworks */,
				A6D6BE142191822A00D23AFE /* Resources */,
				DB72C44CAB95F792EE0EDD35 /* [CP] Embed Pods Frameworks */,
			);
			buildRules = (
			);
			dependencies = (
			);
			name = Douyu;
			productName = Douyu;
			productReference = A6D6BE162191822A00D23AFE /* Douyu.app */;
			productType = "com.apple.product-type.application";
		};
/* End PBXNativeTarget section */

/* Begin PBXProject section */
		A6D6BE0E2191822A00D23AFE /* Project object */ = {
			isa = PBXProject;
			attributes = {
				LastSwiftUpdateCheck = 1010;
				LastUpgradeCheck = 1010;
				ORGANIZATIONNAME = Roc.iMac01;
				TargetAttributes = {
					A6D6BE152191822A00D23AFE = {
						CreatedOnToolsVersion = 10.1;
					};
				};
			};
			buildConfigurationList = A6D6BE112191822A00D23AFE /* Build configuration list for PBXProject "Douyu" */;
			compatibilityVersion = "Xcode 9.3";
			developmentRegion = en;
			hasScannedForEncodings = 0;
			knownRegions = (
				en,
				Base,
			);
			mainGroup = A6D6BE0D2191822A00D23AFE;
			productRefGroup = A6D6BE172191822A00D23AFE /* Products */;
			projectDirPath = "";
			projectRoot = "";
			targets = (
				A6D6BE152191822A00D23AFE /* Douyu */,
			);
		};
/* End PBXProject section */

/* Begin PBXResourcesBuildPhase section */
		A6D6BE142191822A00D23AFE /* Resources */ = {
			isa = PBXResourcesBuildPhase;
			buildActionMask = 2147483647;
			files = (
				A66F50592192EC9F0051981E /* Main.storyboard in Resources */,
				A6D6BE242191822B00D23AFE /* LaunchScreen.storyboard in Resources */,
				A61C6D82219980C900161F6C /* CollectionNormalCell.xib in Resources */,
				A604DEED2192CFEB0001E32C /* Assets.xcassets in Resources */,
				A66F505D2192F3310051981E /* Live.storyboard in Resources */,
				A66F505B2192F3170051981E /* Home.storyboard in Resources */,
				A61C6D7E21997B9D00161F6C /* CollectionReusableView.xib in Resources */,
				A61C6D86219ABCE700161F6C /* CollectionPrettyCell.xib in Resources */,
				A66F50612192F3600051981E /* Profile.storyboard in Resources */,
				A66F505F2192F34A0051981E /* Follow.storyboard in Resources */,
			);
			runOnlyForDeploymentPostprocessing = 0;
		};
/* End PBXResourcesBuildPhase section */

/* Begin PBXShellScriptBuildPhase section */
		06C5861CBC7F6B9DB97209D5 /* [CP] Check Pods Manifest.lock */ = {
			isa = PBXShellScriptBuildPhase;
			buildActionMask = 2147483647;
			files = (
			);
			inputPaths = (
				"${PODS_PODFILE_DIR_PATH}/Podfile.lock",
				"${PODS_ROOT}/Manifest.lock",
			);
			name = "[CP] Check Pods Manifest.lock";
			outputPaths = (
				"$(DERIVED_FILE_DIR)/Pods-Douyu-checkManifestLockResult.txt",
			);
			runOnlyForDeploymentPostprocessing = 0;
			shellPath = /bin/sh;
			shellScript = "diff \"${PODS_PODFILE_DIR_PATH}/Podfile.lock\" \"${PODS_ROOT}/Manifest.lock\" > /dev/null\nif [ $? != 0 ] ; then\n    # print error to STDERR\n    echo \"error: The sandbox is not in sync with the Podfile.lock. Run 'pod install' or update your CocoaPods installation.\" >&2\n    exit 1\nfi\n# This output is used by Xcode 'outputs' to avoid re-running this script phase.\necho \"SUCCESS\" > \"${SCRIPT_OUTPUT_FILE_0}\"\n";
			showEnvVarsInLog = 0;
		};
		DB72C44CAB95F792EE0EDD35 /* [CP] Embed Pods Frameworks */ = {
			isa = PBXShellScriptBuildPhase;
			buildActionMask = 2147483647;
			files = (
			);
			inputPaths = (
				"${SRCROOT}/Pods/Target Support Files/Pods-Douyu/Pods-Douyu-frameworks.sh",
				"${BUILT_PRODUCTS_DIR}/Alamofire/Alamofire.framework",
				"${BUILT_PRODUCTS_DIR}/Kingfisher/Kingfisher.framework",
			);
			name = "[CP] Embed Pods Frameworks";
			outputPaths = (
				"${TARGET_BUILD_DIR}/${FRAMEWORKS_FOLDER_PATH}/Alamofire.framework",
				"${TARGET_BUILD_DIR}/${FRAMEWORKS_FOLDER_PATH}/Kingfisher.framework",
			);
			runOnlyForDeploymentPostprocessing = 0;
			shellPath = /bin/sh;
			shellScript = "\"${SRCROOT}/Pods/Target Support Files/Pods-Douyu/Pods-Douyu-frameworks.sh\"\n";
			showEnvVarsInLog = 0;
		};
/* End PBXShellScriptBuildPhase section */

/* Begin PBXSourcesBuildPhase section */
		A6D6BE122191822A00D23AFE /* Sources */ = {
			isa = PBXSourcesBuildPhase;
			buildActionMask = 2147483647;
			files = (
				A6D6BE1A2191822A00D23AFE /* AppDelegate.swift in Sources */,
				A66F507421941BF30051981E /* UIBarButtonItem-Extension.swift in Sources */,
				A66F507B2194308E0051981E /* PageTitleView.swift in Sources */,
				A63176F6219C1E6200D08C00 /* NetworkTool.swift in Sources */,
				A67FBAA3219D71A800B970F1 /* BaseGameModel.swift in Sources */,
				A67FBA9A219D63E900B970F1 /* AnchorGroup.swift in Sources */,
				A61C6D7D21997B9D00161F6C /* CollectionReusableView.swift in Sources */,
				A66F507F219532B60051981E /* PageContentView.swift in Sources */,
				A66F50712194121C0051981E /* HomeViewController.swift in Sources */,
				A66F5081219537960051981E /* UIColor-Extensions.swift in Sources */,
				A66F5079219430750051981E /* MainViewController.swift in Sources */,
				A67FBA98219D5C1A00B970F1 /* NSDate-Extension.swift in Sources */,
				A61C6D7A219966B500161F6C /* RecommandViewController.swift in Sources */,
				A61C6D85219ABCE600161F6C /* CollectionPrettyCell.swift in Sources */,
				A67FBAA1219D6F3500B970F1 /* BaseViewModel.swift in Sources */,
				A61C6D81219980C900161F6C /* CollectionNormalCell.swift in Sources */,
				A67FBA9E219D6E8200B970F1 /* RecommandVIewModel.swift in Sources */,
				A66F507D219432BA0051981E /* Conmon.swift in Sources */,
				A67FBA9C219D6B0600B970F1 /* AnchorModel.swift in Sources */,
			);
			runOnlyForDeploymentPostprocessing = 0;
		};
/* End PBXSourcesBuildPhase section */

/* Begin PBXVariantGroup section */
		A6D6BE222191822B00D23AFE /* LaunchScreen.storyboard */ = {
			isa = PBXVariantGroup;
			children = (
				A6D6BE232191822B00D23AFE /* Base */,
			);
			name = LaunchScreen.storyboard;
			sourceTree = "<group>";
		};
/* End PBXVariantGroup section */

/* Begin XCBuildConfiguration section */
		A6D6BE262191822B00D23AFE /* Debug */ = {
			isa = XCBuildConfiguration;
			buildSettings = {
				ALWAYS_SEARCH_USER_PATHS = NO;
				CLANG_ANALYZER_NONNULL = YES;
				CLANG_ANALYZER_NUMBER_OBJECT_CONVERSION = YES_AGGRESSIVE;
				CLANG_CXX_LANGUAGE_STANDARD = "gnu++14";
				CLANG_CXX_LIBRARY = "libc++";
				CLANG_ENABLE_MODULES = YES;
				CLANG_ENABLE_OBJC_ARC = YES;
				CLANG_ENABLE_OBJC_WEAK = YES;
				CLANG_WARN_BLOCK_CAPTURE_AUTORELEASING = YES;
				CLANG_WARN_BOOL_CONVERSION = YES;
				CLANG_WARN_COMMA = YES;
				CLANG_WARN_CONSTANT_CONVERSION = YES;
				CLANG_WARN_DEPRECATED_OBJC_IMPLEMENTATIONS = YES;
				CLANG_WARN_DIRECT_OBJC_ISA_USAGE = YES_ERROR;
				CLANG_WARN_DOCUMENTATION_COMMENTS = YES;
				CLANG_WARN_EMPTY_BODY = YES;
				CLANG_WARN_ENUM_CONVERSION = YES;
				CLANG_WARN_INFINITE_RECURSION = YES;
				CLANG_WARN_INT_CONVERSION = YES;
				CLANG_WARN_NON_LITERAL_NULL_CONVERSION = YES;
				CLANG_WARN_OBJC_IMPLICIT_RETAIN_SELF = YES;
				CLANG_WARN_OBJC_LITERAL_CONVERSION = YES;
				CLANG_WARN_OBJC_ROOT_CLASS = YES_ERROR;
				CLANG_WARN_RANGE_LOOP_ANALYSIS = YES;
				CLANG_WARN_STRICT_PROTOTYPES = YES;
				CLANG_WARN_SUSPICIOUS_MOVE = YES;
				CLANG_WARN_UNGUARDED_AVAILABILITY = YES_AGGRESSIVE;
				CLANG_WARN_UNREACHABLE_CODE = YES;
				CLANG_WARN__DUPLICATE_METHOD_MATCH = YES;
				CODE_SIGN_IDENTITY = "iPhone Developer";
				COPY_PHASE_STRIP = NO;
				DEBUG_INFORMATION_FORMAT = dwarf;
				ENABLE_STRICT_OBJC_MSGSEND = YES;
				ENABLE_TESTABILITY = YES;
				FRAMEWORK_SEARCH_PATHS = (
					"$(inherited)",
					"\"${PODS_CONFIGURATION_BUILD_DIR}/Alamofire\"",
				);
				GCC_C_LANGUAGE_STANDARD = gnu11;
				GCC_DYNAMIC_NO_PIC = NO;
				GCC_NO_COMMON_BLOCKS = YES;
				GCC_OPTIMIZATION_LEVEL = 0;
				GCC_PREPROCESSOR_DEFINITIONS = (
					"DEBUG=1",
					"$(inherited)",
				);
				GCC_WARN_64_TO_32_BIT_CONVERSION = YES;
				GCC_WARN_ABOUT_RETURN_TYPE = YES_ERROR;
				GCC_WARN_UNDECLARED_SELECTOR = YES;
				GCC_WARN_UNINITIALIZED_AUTOS = YES_AGGRESSIVE;
				GCC_WARN_UNUSED_FUNCTION = YES;
				GCC_WARN_UNUSED_VARIABLE = YES;
				IPHONEOS_DEPLOYMENT_TARGET = 12.1;
				MTL_ENABLE_DEBUG_INFO = INCLUDE_SOURCE;
				MTL_FAST_MATH = YES;
				ONLY_ACTIVE_ARCH = YES;
				SDKROOT = iphoneos;
				SWIFT_ACTIVE_COMPILATION_CONDITIONS = DEBUG;
				SWIFT_OPTIMIZATION_LEVEL = "-Onone";
			};
			name = Debug;
		};
		A6D6BE272191822B00D23AFE /* Release */ = {
			isa = XCBuildConfiguration;
			buildSettings = {
				ALWAYS_SEARCH_USER_PATHS = NO;
				CLANG_ANALYZER_NONNULL = YES;
				CLANG_ANALYZER_NUMBER_OBJECT_CONVERSION = YES_AGGRESSIVE;
				CLANG_CXX_LANGUAGE_STANDARD = "gnu++14";
				CLANG_CXX_LIBRARY = "libc++";
				CLANG_ENABLE_MODULES = YES;
				CLANG_ENABLE_OBJC_ARC = YES;
				CLANG_ENABLE_OBJC_WEAK = YES;
				CLANG_WARN_BLOCK_CAPTURE_AUTORELEASING = YES;
				CLANG_WARN_BOOL_CONVERSION = YES;
				CLANG_WARN_COMMA = YES;
				CLANG_WARN_CONSTANT_CONVERSION = YES;
				CLANG_WARN_DEPRECATED_OBJC_IMPLEMENTATIONS = YES;
				CLANG_WARN_DIRECT_OBJC_ISA_USAGE = YES_ERROR;
				CLANG_WARN_DOCUMENTATION_COMMENTS = YES;
				CLANG_WARN_EMPTY_BODY = YES;
				CLANG_WARN_ENUM_CONVERSION = YES;
				CLANG_WARN_INFINITE_RECURSION = YES;
				CLANG_WARN_INT_CONVERSION = YES;
				CLANG_WARN_NON_LITERAL_NULL_CONVERSION = YES;
				CLANG_WARN_OBJC_IMPLICIT_RETAIN_SELF = YES;
				CLANG_WARN_OBJC_LITERAL_CONVERSION = YES;
				CLANG_WARN_OBJC_ROOT_CLASS = YES_ERROR;
				CLANG_WARN_RANGE_LOOP_ANALYSIS = YES;
				CLANG_WARN_STRICT_PROTOTYPES = YES;
				CLANG_WARN_SUSPICIOUS_MOVE = YES;
				CLANG_WARN_UNGUARDED_AVAILABILITY = YES_AGGRESSIVE;
				CLANG_WARN_UNREACHABLE_CODE = YES;
				CLANG_WARN__DUPLICATE_METHOD_MATCH = YES;
				CODE_SIGN_IDENTITY = "iPhone Developer";
				COPY_PHASE_STRIP = NO;
				DEBUG_INFORMATION_FORMAT = "dwarf-with-dsym";
				ENABLE_NS_ASSERTIONS = NO;
				ENABLE_STRICT_OBJC_MSGSEND = YES;
				FRAMEWORK_SEARCH_PATHS = (
					"$(SRCROOT)",
					"\"${PODS_CONFIGURATION_BUILD_DIR}/Alamofire\"",
				);
				GCC_C_LANGUAGE_STANDARD = gnu11;
				GCC_NO_COMMON_BLOCKS = YES;
				GCC_WARN_64_TO_32_BIT_CONVERSION = YES;
				GCC_WARN_ABOUT_RETURN_TYPE = YES_ERROR;
				GCC_WARN_UNDECLARED_SELECTOR = YES;
				GCC_WARN_UNINITIALIZED_AUTOS = YES_AGGRESSIVE;
				GCC_WARN_UNUSED_FUNCTION = YES;
				GCC_WARN_UNUSED_VARIABLE = YES;
				IPHONEOS_DEPLOYMENT_TARGET = 12.1;
				MTL_ENABLE_DEBUG_INFO = NO;
				MTL_FAST_MATH = YES;
				SDKROOT = iphoneos;
				SWIFT_COMPILATION_MODE = wholemodule;
				SWIFT_OPTIMIZATION_LEVEL = "-O";
				VALIDATE_PRODUCT = YES;
			};
			name = Release;
		};
		A6D6BE292191822B00D23AFE /* Debug */ = {
			isa = XCBuildConfiguration;
			baseConfigurationReference = CA561F17F7247C8B701D62DB /* Pods-Douyu.debug.xcconfig */;
			buildSettings = {
				ASSETCATALOG_COMPILER_APPICON_NAME = AppIcon;
				ASSETCATALOG_COMPILER_LAUNCHIMAGE_NAME = LaunchImage;
				CODE_SIGN_STYLE = Automatic;
				DEVELOPMENT_TEAM = 66WVRK438M;
				INFOPLIST_FILE = Douyu/Info.plist;
				IPHONEOS_DEPLOYMENT_TARGET = 9.0;
				LD_RUNPATH_SEARCH_PATHS = (
					"$(inherited)",
					"@executable_path/Frameworks",
				);
				PRODUCT_BUNDLE_IDENTIFIER = com.roc.Douyu;
				PRODUCT_NAME = "$(TARGET_NAME)";
				SWIFT_INCLUDE_PATHS = "";
				SWIFT_VERSION = 3.0;
				TARGETED_DEVICE_FAMILY = 1;
			};
			name = Debug;
		};
		A6D6BE2A2191822B00D23AFE /* Release */ = {
			isa = XCBuildConfiguration;
			baseConfigurationReference = A2D0DE33B13E5707C212AAA6 /* Pods-Douyu.release.xcconfig */;
			buildSettings = {
				ASSETCATALOG_COMPILER_APPICON_NAME = AppIcon;
				ASSETCATALOG_COMPILER_LAUNCHIMAGE_NAME = LaunchImage;
				CODE_SIGN_STYLE = Automatic;
				DEVELOPMENT_TEAM = 66WVRK438M;
				INFOPLIST_FILE = Douyu/Info.plist;
				IPHONEOS_DEPLOYMENT_TARGET = 9.0;
				LD_RUNPATH_SEARCH_PATHS = (
					"$(inherited)",
					"@executable_path/Frameworks",
				);
				PRODUCT_BUNDLE_IDENTIFIER = com.roc.Douyu;
				PRODUCT_NAME = "$(TARGET_NAME)";
				SWIFT_INCLUDE_PATHS = "";
				SWIFT_VERSION = 3.0;
				TARGETED_DEVICE_FAMILY = 1;
			};
			name = Release;
		};
/* End XCBuildConfiguration section */

/* Begin XCConfigurationList section */
		A6D6BE112191822A00D23AFE /* Build configuration list for PBXProject "Douyu" */ = {
			isa = XCConfigurationList;
			buildConfigurations = (
				A6D6BE262191822B00D23AFE /* Debug */,
				A6D6BE272191822B00D23AFE /* Release */,
			);
			defaultConfigurationIsVisible = 0;
			defaultConfigurationName = Release;
		};
		A6D6BE282191822B00D23AFE /* Build configuration list for PBXNativeTarget "Douyu" */ = {
			isa = XCConfigurationList;
			buildConfigurations = (
				A6D6BE292191822B00D23AFE /* Debug */,
				A6D6BE2A2191822B00D23AFE /* Release */,
			);
			defaultConfigurationIsVisible = 0;
			defaultConfigurationName = Release;
		};
/* End XCConfigurationList section */
	};
	rootObject = A6D6BE0E2191822A00D23AFE /* Project object */;
}
